{
  "version": 4,
  "terraform_version": "1.6.3",
  "serial": 3,
  "lineage": "146b39f3-c0e3-fe90-dc39-aa9bec22a5a1",
  "outputs": {},
  "resources": [
    {
      "mode": "data",
      "type": "aws_ssm_parameter",
      "name": "webserver-ami",
      "provider": "provider[\"registry.terraform.io/hashicorp/aws\"]",
      "instances": [
        {
          "schema_version": 0,
          "attributes": {
            "arn": "arn:aws:ssm:us-east-1::parameter/aws/service/ami-amazon-linux-latest/amzn2-ami-hvm-x86_64-gp2",
            "id": "/aws/service/ami-amazon-linux-latest/amzn2-ami-hvm-x86_64-gp2",
            "name": "/aws/service/ami-amazon-linux-latest/amzn2-ami-hvm-x86_64-gp2",
            "type": "String",
            "value": "ami-0588935a949f9ff17",
            "version": 102,
            "with_decryption": true
          },
          "sensitive_attributes": []
        }
      ]
    },
    {
      "mode": "managed",
      "type": "aws_key_pair",
      "name": "aws-key",
      "provider": "provider[\"registry.terraform.io/hashicorp/aws\"]",
      "instances": [
        {
          "schema_version": 1,
          "attributes": {
            "arn": "arn:aws:ec2:us-east-1:026529583324:key-pair/ansible-db",
            "fingerprint": "2a:ee:12:62:1a:4c:a4:df:fe:a4:cf:b5:b2:db:4a:e4",
            "id": "ansible-db",
            "key_name": "ansible-db",
            "key_name_prefix": "",
            "key_pair_id": "key-06ab3fff9e9c8cd62",
            "key_type": "rsa",
            "public_key": "ssh-rsa AAAAB3NzaC1yc2EAAAADAQABAAABgQCXlljR4OkXPez4PdyIutLts2+00eWGYK5KxV2YHj2lylFiW8JPOU1DLao174PA81pEfU3rUu6q1ogAHwwUrvnM1AnYEVJXq+3nrNoyFGB10CyQfmvYLnHJI5OrBZvkHZNdzKqT+SDn2Fs0hbDzpyBtwOyCjIGmyokqpKyNjx6zhYfG9//fdcTP5vRV60OhyIdeUZzT+phhTpVC28GqZ9oBp9EAuNGGbm/aBUB96upyrXMV1yaP4Lkg8HefaqK+ajihivoSbVMAKmtr+Q2sIMCHDqitBTZNou89Q9cssyApC4/S6iO9wJbPZXf1uggEJRmpXP1Ex+MyEjGrz38/i3EP/4QTaYEnfxq9e0HKbPARKk70fGHxyuXjMZq0jsHJGJy0N7Ufg06sTe/Ogxc0/TYdj5zt7O4xPIgQJhLDWjNSqsiv8ue48Z0xyJThheFEl8/LPofAl/XpaTF94yf/bkQQBOb+32Mlfd7al4lK9GuAufhQ6ZuiOXiKQPordJT6iJ0= acer@DESKTOP-7UICRDB",
            "tags": null,
            "tags_all": {}
          },
          "sensitive_attributes": [],
          "private": "eyJzY2hlbWFfdmVyc2lvbiI6IjEifQ=="
        }
      ]
    }
  ],
  "check_results": null
}
